version = 1
revision = 2
requires-python = ">=3.12.9"

[[package]]
name = "beartype"
version = "0.20.2"
source = { registry = "https://pypi.org/simple" }
sdist = { url = "https://files.pythonhosted.org/packages/8a/99/eaf0847301a6ca2042927c83f8cc72a29c153132ce49d9a720fe121440ba/beartype-0.20.2.tar.gz", hash = "sha256:38c60c065ad99364a8c767e8a0e71ba8263d467b91414ed5dcffb7758a2e8079", size = 1410390, upload-time = "2025-03-22T04:56:03.899Z" }
wheels = [
    { url = "https://files.pythonhosted.org/packages/78/05/536d025b3e17cf938f836665dde32e86f65ee76acd0ae14e22bda6aee274/beartype-0.20.2-py3-none-any.whl", hash = "sha256:5171a91ecf01438a59884f0cde37d2d5da2c992198b53d6ba31db3940f47ff04", size = 1161292, upload-time = "2025-03-22T04:56:01.77Z" },
]

[[package]]
name = "yak-shears"
version = "0.0.0"
source = { editable = "." }
dependencies = [
    { name = "beartype" },
]

[package.metadata]
requires-dist = [{ name = "beartype", specifier = ">=0.19.0" }]

[package.metadata.requires-dev]
dev = []
