[[tools.actionlint]]
version = "1.7.7"
backend = "aqua:rhysd/actionlint"

[tools.actionlint.platforms.macos-arm64]
checksum = "sha256:2693315b9093aeacb4ebd91a993fea54fc215057bf0da2659056b4bc033873db"
size = 1962532
url = "https://github.com/rhysd/actionlint/releases/download/v1.7.7/actionlint_1.7.7_darwin_arm64.tar.gz"

[[tools.go]]
version = "1.24.2"
backend = "core:go"

[tools.go.platforms.macos-arm64]
checksum = "sha256:b70f8b3c5b4ccb0ad4ffa5ee91cd38075df20fdbd953a1daedd47f50fbcff47a"
size = 76241216
url = "https://dl.google.com/go/go1.24.2.darwin-arm64.tar.gz"

[[tools."go:github.com/Zxilly/go-size-analyzer/cmd/gsa"]]
version = "1.8.0"
backend = "go:github.com/Zxilly/go-size-analyzer/cmd/gsa"

[[tools.hk]]
version = "1.15.7"
backend = "aqua:jdx/hk"

[tools.hk.platforms.macos-arm64]
checksum = "blake3:4c2ed7089ba2c4bad522c479584baa14fc5d9f9c059a4945ab65926a24a3a47a"
size = 6029861
url = "https://github.com/jdx/hk/releases/download/v1.15.7/hk-aarch64-apple-darwin.tar.gz"

[[tools."pipx:commitizen"]]
version = "4.9.1"
backend = "pipx:commitizen"

[[tools."pipx:pre-commit-hooks"]]
version = "6.0.0"
backend = "pipx:pre-commit-hooks"

[[tools."pipx:sqlfluff"]]
version = "3.4.0"
backend = "pipx:sqlfluff"

[[tools."pipx:toml-sort"]]
version = "0.24.3"
backend = "pipx:toml-sort"
