# @generated - this file is auto-generated by `mise lock` https://mise.en.dev/dev-tools/mise-lock.html

[[tools."npm:@biomejs/biome"]]
version = "2.2.4"
backend = "npm:@biomejs/biome"

[[tools."npm:dprint"]]
version = "0.50.2"
backend = "npm:dprint"

[[tools."npm:terser"]]
version = "5.44.0"
backend = "npm:terser"

[[tools."npm:typescript"]]
version = "5.9.2"
backend = "npm:typescript"

[[tools.pkl]]
version = "0.32.1"
backend = "aqua:apple/pkl"

[tools.pkl."platforms.linux-arm64"]
checksum = "sha256:a76d2dd47da435a8f911b0347373f47c7e59ea54fb75ff846d20b8df10dba058"
url = "https://github.com/apple/pkl/releases/download/0.32.1/pkl-linux-aarch64"
url_api = "https://api.github.com/repos/apple/pkl/releases/assets/487426568"

[tools.pkl."platforms.linux-arm64-musl"]
checksum = "sha256:a76d2dd47da435a8f911b0347373f47c7e59ea54fb75ff846d20b8df10dba058"
url = "https://github.com/apple/pkl/releases/download/0.32.1/pkl-linux-aarch64"
url_api = "https://api.github.com/repos/apple/pkl/releases/assets/487426568"

[tools.pkl."platforms.linux-x64"]
checksum = "sha256:3180b62da95c0cad1d904e9bb6c5f4a8f9032413c21e53194bb91ff1ee5f3211"
url = "https://github.com/apple/pkl/releases/download/0.32.1/pkl-linux-amd64"
url_api = "https://api.github.com/repos/apple/pkl/releases/assets/487426567"

[tools.pkl."platforms.linux-x64-musl"]
checksum = "sha256:3180b62da95c0cad1d904e9bb6c5f4a8f9032413c21e53194bb91ff1ee5f3211"
url = "https://github.com/apple/pkl/releases/download/0.32.1/pkl-linux-amd64"
url_api = "https://api.github.com/repos/apple/pkl/releases/assets/487426567"

[tools.pkl."platforms.macos-arm64"]
checksum = "sha256:563eb51c9a20b16a3625464ed745c675ed9750381f2126722696a0d7cac1d9d3"
url = "https://github.com/apple/pkl/releases/download/0.32.1/pkl-macos-aarch64"
url_api = "https://api.github.com/repos/apple/pkl/releases/assets/487426570"

[tools.pkl."platforms.macos-x64"]
checksum = "sha256:5b74b903234047960144f66f2cebdd12d267d9b98e8155ed91d2ae5ed27e2d1f"
url = "https://github.com/apple/pkl/releases/download/0.32.1/pkl-macos-amd64"
url_api = "https://api.github.com/repos/apple/pkl/releases/assets/487426599"

[tools.pkl."platforms.windows-x64"]
checksum = "sha256:8550a00fcf027335e42c5e2cd553b88e98845408cb1880b3e3d1860caf46d22a"
url = "https://github.com/apple/pkl/releases/download/0.32.1/pkl-windows-amd64.exe"
url_api = "https://api.github.com/repos/apple/pkl/releases/assets/487426668"

[[tools.python]]
version = "3.13.7"
backend = "core:python"

[tools.python."platforms.linux-arm64"]
checksum = "sha256:0af6c9a17df4d5afdef37825d0cc703264c1a0a94dad825b2b6b6975b524c0d5"
url = "https://github.com/astral-sh/python-build-standalone/releases/download/20250918/cpython-3.13.7+20250918-aarch64-unknown-linux-gnu-install_only_stripped.tar.gz"
provenance = "github-attestations"

[tools.python."platforms.linux-arm64-musl"]
checksum = "sha256:b1cc6647c75d550e3cbe9cc6fe8f9eca76e18abbeff52bc56978411adf9227e0"
url = "https://github.com/astral-sh/python-build-standalone/releases/download/20250918/cpython-3.13.7+20250918-aarch64-unknown-linux-musl-install_only_stripped.tar.gz"
provenance = "github-attestations"

[tools.python."platforms.linux-x64"]
checksum = "sha256:888fb7e192caafdb33e028f865b7da68dce5e924cfe58fcef96323e175a70e3e"
url = "https://github.com/astral-sh/python-build-standalone/releases/download/20250918/cpython-3.13.7+20250918-x86_64-unknown-linux-gnu-install_only_stripped.tar.gz"
provenance = "github-attestations"

[tools.python."platforms.linux-x64-musl"]
checksum = "sha256:21d1b942b6fa29cd3924bc4ed77b8b8b85b8263e0e9c8b12120b344054345583"
url = "https://github.com/astral-sh/python-build-standalone/releases/download/20250918/cpython-3.13.7+20250918-x86_64-unknown-linux-musl-install_only_stripped.tar.gz"
provenance = "github-attestations"

[tools.python."platforms.macos-arm64"]
checksum = "sha256:10f26ea5fc7c4d9c012faf372898a801f34b8fd7730c677576263224d56835fe"
url = "https://github.com/astral-sh/python-build-standalone/releases/download/20250918/cpython-3.13.7+20250918-aarch64-apple-darwin-install_only_stripped.tar.gz"
provenance = "github-attestations"

[tools.python."platforms.macos-x64"]
checksum = "sha256:e640143d4dde2edff1865c3e88e44b046478b790af4f8b3ac4d228e53952dda0"
url = "https://github.com/astral-sh/python-build-standalone/releases/download/20250918/cpython-3.13.7+20250918-x86_64-apple-darwin-install_only_stripped.tar.gz"
provenance = "github-attestations"

[tools.python."platforms.windows-x64"]
checksum = "sha256:bc229e5364699a8456b6ceabde8348c75e62312ffd62631dd1e494a1755a45ed"
url = "https://github.com/astral-sh/python-build-standalone/releases/download/20250918/cpython-3.13.7+20250918-x86_64-pc-windows-msvc-install_only_stripped.tar.gz"
provenance = "github-attestations"
